
Microsoft Visual Studio Solution File, Format Version 12.00
# Visual Studio Version 17
VisualStudioVersion = 17.12.35527.113 d17.12
MinimumVisualStudioVersion = 10.0.40219.1
Project("{FAE04EC0-301F-11D3-BF4B-00C04F79EFBC}") = "ReflectionApp", "ReflectionApp\ReflectionApp.csproj", "{3F38C099-42F6-4BFC-B768-374FF37C412A}"
EndProject
Global
	GlobalSection(SolutionConfigurationPlatforms) = preSolution
		Debug|Any CPU = Debug|Any CPU
		Release|Any CPU = Release|Any CPU
	EndGlobalSection
	GlobalSection(ProjectConfigurationPlatforms) = postSolution
		{3F38C099-42F6-4BFC-B768-374FF37C412A}.Debug|Any CPU.ActiveCfg = Debug|Any CPU
		{3F38C099-42F6-4BFC-B768-374FF37C412A}.Debug|Any CPU.Build.0 = Debug|Any CPU
		{3F38C099-42F6-4BFC-B768-374FF37C412A}.Release|Any CPU.ActiveCfg = Release|Any CPU
		{3F38C099-42F6-4BFC-B768-374FF37C412A}.Release|Any CPU.Build.0 = Release|Any CPU
	EndGlobalSection
	GlobalSection(SolutionProperties) = preSolution
		HideSolutionNode = FALSE
	EndGlobalSection
EndGlobal
