
Microsoft Visual Studio Solution File, Format Version 12.00
# Visual Studio Version 17
VisualStudioVersion = 17.12.35527.113 d17.12
MinimumVisualStudioVersion = 10.0.40219.1
Project("{FAE04EC0-301F-11D3-BF4B-00C04F79EFBC}") = "ReflectionLibrary", "ReflectionLibrary\ReflectionLibrary.csproj", "{7A666AD4-10E6-4EA9-96EC-9008E787FBB4}"
EndProject
Global
	GlobalSection(SolutionConfigurationPlatforms) = preSolution
		Debug|Any CPU = Debug|Any CPU
		Release|Any CPU = Release|Any CPU
	EndGlobalSection
	GlobalSection(ProjectConfigurationPlatforms) = postSolution
		{7A666AD4-10E6-4EA9-96EC-9008E787FBB4}.Debug|Any CPU.ActiveCfg = Debug|Any CPU
		{7A666AD4-10E6-4EA9-96EC-9008E787FBB4}.Debug|Any CPU.Build.0 = Debug|Any CPU
		{7A666AD4-10E6-4EA9-96EC-9008E787FBB4}.Release|Any CPU.ActiveCfg = Release|Any CPU
		{7A666AD4-10E6-4EA9-96EC-9008E787FBB4}.Release|Any CPU.Build.0 = Release|Any CPU
	EndGlobalSection
	GlobalSection(SolutionProperties) = preSolution
		HideSolutionNode = FALSE
	EndGlobalSection
EndGlobal
